{
  "name": "talk-to-my-x",
  "version": "0.1.0",
  "lockfileVersion": 3,
  "requires": true,
  "packages": {
    "": {
      "name": "talk-to-my-x",
      "version": "0.1.0",
      "license": "MIT",
      "devDependencies": {
        "proofpress": "^0.2.0"
      }
    },
    "node_modules/proofpress": {
      "version": "0.2.0",
      "resolved": "https://registry.npmjs.org/proofpress/-/proofpress-0.2.0.tgz",
      "integrity": "sha512-xCZWxngqwvMzqUhrjVJ3GbcOYI5MMMyOAy/EfIy92knXkEjxAl0AkVQ6p6UsamMMUVPtwgwKhGv1FMAKUXjpqA==",
      "dev": true,
      "license": "Apache-2.0",
      "bin": {
        "proofpress": "bin/proofpress.js"
      },
      "engines": {
        "node": ">=22"
      }
    }
  }
}
